
Microsoft Visual Studio Solution File, Format Version 12.00
# Visual Studio Version 17
VisualStudioVersion = 17.7.34018.315
MinimumVisualStudioVersion = 10.0.40219.1
Project("{FAE04EC0-301F-11D3-BF4B-00C04F79EFBC}") = "Umsa", "Umsa\Umsa.csproj", "{1A57DEA7-D96E-4769-9E1E-8733E4E04DA7}"
EndProject
Global
	GlobalSection(SolutionConfigurationPlatforms) = preSolution
		Debug|Any CPU = Debug|Any CPU
		Release|Any CPU = Release|Any CPU
	EndGlobalSection
	GlobalSection(ProjectConfigurationPlatforms) = postSolution
		{1A57DEA7-D96E-4769-9E1E-8733E4E04DA7}.Debug|Any CPU.ActiveCfg = Debug|Any CPU
		{1A57DEA7-D96E-4769-9E1E-8733E4E04DA7}.Debug|Any CPU.Build.0 = Debug|Any CPU
		{1A57DEA7-D96E-4769-9E1E-8733E4E04DA7}.Release|Any CPU.ActiveCfg = Release|Any CPU
		{1A57DEA7-D96E-4769-9E1E-8733E4E04DA7}.Release|Any CPU.Build.0 = Release|Any CPU
	EndGlobalSection
	GlobalSection(SolutionProperties) = preSolution
		HideSolutionNode = FALSE
	EndGlobalSection
	GlobalSection(ExtensibilityGlobals) = postSolution
		SolutionGuid = {351C77F4-7D45-4D44-AF8A-528D2671C0A2}
	EndGlobalSection
EndGlobal
